
Microsoft Visual Studio Solution File, Format Version 12.00
# Visual Studio Version 16
VisualStudioVersion = 16.0.29326.143
MinimumVisualStudioVersion = 10.0.40219.1
Project("{9A19103F-16F7-4668-BE54-9A1E7A4F7556}") = "SlackLineBridge", "SlackLineBridge\SlackLineBridge.csproj", "{20565EFE-65C3-4EB1-8E09-7C9A9324BB66}"
EndProject
Global
	GlobalSection(SolutionConfigurationPlatforms) = preSolution
		Debug|Any CPU = Debug|Any CPU
		Release|Any CPU = Release|Any CPU
	EndGlobalSection
	GlobalSection(ProjectConfigurationPlatforms) = postSolution
		{20565EFE-65C3-4EB1-8E09-7C9A9324BB66}.Debug|Any CPU.ActiveCfg = Debug|Any CPU
		{20565EFE-65C3-4EB1-8E09-7C9A9324BB66}.Debug|Any CPU.Build.0 = Debug|Any CPU
		{20565EFE-65C3-4EB1-8E09-7C9A9324BB66}.Release|Any CPU.ActiveCfg = Release|Any CPU
		{20565EFE-65C3-4EB1-8E09-7C9A9324BB66}.Release|Any CPU.Build.0 = Release|Any CPU
	EndGlobalSection
	GlobalSection(SolutionProperties) = preSolution
		HideSolutionNode = FALSE
	EndGlobalSection
	GlobalSection(ExtensibilityGlobals) = postSolution
		SolutionGuid = {07E4482C-1F38-446A-A53F-7A0DF6C0549E}
	EndGlobalSection
EndGlobal
